{
  "nodes": {
    "cheshire": {
      "inputs": {
        "nixpkgs": "nixpkgs",
        "stdlib-classes": "stdlib-classes",
        "stdlib-meta": "stdlib-meta",
        "utils": "utils"
      },
      "locked": {
        "lastModified": 1754157383,
        "narHash": "sha256-bg2tE4PKAstszdUvHVH3u1wGzmUC76PO5IjwAyJLfnE=",
        "owner": "jkopanski",
        "repo": "cheshire",
        "rev": "a1ec7afc34230b603fcb7e2b74d773db62e670e5",
        "type": "github"
      },
      "original": {
        "owner": "jkopanski",
        "repo": "cheshire",
        "type": "github"
      }
    },
    "nixpkgs": {
      "locked": {
        "lastModified": 1753815631,
        "narHash": "sha256-cxTtNwYWTctTnXlTU1B5tDx7VOD2GorO6YBWH7RIxJs=",
        "owner": "NixOS",
        "repo": "nixpkgs",
        "rev": "b62d813730d04c616d6ec6367790cfc7cd0f8087",
        "type": "github"
      },
      "original": {
        "owner": "NixOS",
        "ref": "release-25.05",
        "repo": "nixpkgs",
        "type": "github"
      }
    },
    "prettyprint": {
      "flake": false,
      "locked": {
        "lastModified": 1750862492,
        "narHash": "sha256-R+4PCp1yZUpMuahi1IrUXgjp6n6/QnrZATVYVdaDEKg=",
        "owner": "agda",
        "repo": "agda-pretty",
        "rev": "71606c47ceb1044c24fbadcd0992031e4878e6d4",
        "type": "github"
      },
      "original": {
        "owner": "agda",
        "ref": "v1.0",
        "repo": "agda-pretty",
        "type": "github"
      }
    },
    "root": {
      "inputs": {
        "cheshire": "cheshire",
        "nixpkgs": [
          "cheshire",
          "nixpkgs"
        ],
        "prettyprint": "prettyprint",
        "utils": [
          "cheshire",
          "utils"
        ]
      }
    },
    "stdlib-classes": {
      "flake": false,
      "locked": {
        "lastModified": 1741280693,
        "narHash": "sha256-iaxCETpDKVhiprhRf+3jWJYFZU7D6D4/teYdHZ5Qw24=",
        "owner": "agda",
        "repo": "agda-stdlib-classes",
        "rev": "7915f0f49b0d37acae09d53b523582df3cbcbf65",
        "type": "github"
      },
      "original": {
        "owner": "agda",
        "ref": "v2.2",
        "repo": "agda-stdlib-classes",
        "type": "github"
      }
    },
    "stdlib-meta": {
      "flake": false,
      "locked": {
        "lastModified": 1741370543,
        "narHash": "sha256-1i/lfwmYrntxGhLitQ3Pq6Dy0izIe/Pl1aah87ujiV4=",
        "owner": "agda",
        "repo": "agda-stdlib-meta",
        "rev": "8996a64f04ecd2faa068e993b90cbdcb351722ff",
        "type": "github"
      },
      "original": {
        "owner": "agda",
        "ref": "v2.2",
        "repo": "agda-stdlib-meta",
        "type": "github"
      }
    },
    "systems": {
      "locked": {
        "lastModified": 1681028828,
        "narHash": "sha256-Vy1rq5AaRuLzOxct8nz4T6wlgyUR7zLU309k9mBC768=",
        "owner": "nix-systems",
        "repo": "default",
        "rev": "da67096a3b9bf56a91d16901293e51ba5b49a27e",
        "type": "github"
      },
      "original": {
        "owner": "nix-systems",
        "repo": "default",
        "type": "github"
      }
    },
    "utils": {
      "inputs": {
        "systems": "systems"
      },
      "locked": {
        "lastModified": 1731533236,
        "narHash": "sha256-l0KFg5HjrsfsO/JpG+r7fRrqm12kzFHyUHqHCVpMMbI=",
        "owner": "numtide",
        "repo": "flake-utils",
        "rev": "11707dc2f618dd54ca8739b309ec4fc024de578b",
        "type": "github"
      },
      "original": {
        "owner": "numtide",
        "repo": "flake-utils",
        "type": "github"
      }
    }
  },
  "root": "root",
  "version": 7
}
