{
  "nodes": {
    "cheshire": {
      "inputs": {
        "nixpkgs": "nixpkgs",
        "stdlib-classes": "stdlib-classes",
        "stdlib-meta": "stdlib-meta",
        "utils": "utils"
      },
      "locked": {
        "lastModified": 1765479144,
        "narHash": "sha256-HpJDnwe4rW45iB5vlQu6fIS69wJpY43FHSgzstjCafU=",
        "owner": "jkopanski",
        "repo": "cheshire",
        "rev": "aefbf47ad365e9e28216210fbc8bb4c194b1495e",
        "type": "github"
      },
      "original": {
        "owner": "jkopanski",
        "repo": "cheshire",
        "type": "github"
      }
    },
    "nixpkgs": {
      "locked": {
        "lastModified": 1765468806,
        "narHash": "sha256-bmho1gMxFM50KId5wCya6b+XAxxtmJQzKfCnne2UQB8=",
        "owner": "NixOS",
        "repo": "nixpkgs",
        "rev": "f482661b6e79e475081ce7871728c15df4dad5ca",
        "type": "github"
      },
      "original": {
        "owner": "NixOS",
        "ref": "release-25.11",
        "repo": "nixpkgs",
        "type": "github"
      }
    },
    "prettyprint": {
      "flake": false,
      "locked": {
        "lastModified": 1750862492,
        "narHash": "sha256-R+4PCp1yZUpMuahi1IrUXgjp6n6/QnrZATVYVdaDEKg=",
        "owner": "agda",
        "repo": "agda-pretty",
        "rev": "71606c47ceb1044c24fbadcd0992031e4878e6d4",
        "type": "github"
      },
      "original": {
        "owner": "agda",
        "ref": "v1.0",
        "repo": "agda-pretty",
        "type": "github"
      }
    },
    "root": {
      "inputs": {
        "cheshire": "cheshire",
        "nixpkgs": [
          "cheshire",
          "nixpkgs"
        ],
        "prettyprint": "prettyprint",
        "utils": [
          "cheshire",
          "utils"
        ]
      }
    },
    "stdlib-classes": {
      "flake": false,
      "locked": {
        "lastModified": 1754382520,
        "narHash": "sha256-NaxK37VVO1Jrc4F9B5v+/yo0Pjnp4CwpH1us4Oxgby0=",
        "owner": "agda",
        "repo": "agda-stdlib-classes",
        "rev": "454d18c76b0baf4095006e46cbf094e628d7d31a",
        "type": "github"
      },
      "original": {
        "owner": "agda",
        "ref": "v2.3",
        "repo": "agda-stdlib-classes",
        "type": "github"
      }
    },
    "stdlib-meta": {
      "flake": false,
      "locked": {
        "lastModified": 1754389036,
        "narHash": "sha256-ir4BxJ+XjYhB0RdBKVPd+YBaIMWzjRCq+188qKZjgdg=",
        "owner": "agda",
        "repo": "agda-stdlib-meta",
        "rev": "d80dc70374f9d33c15889c2cf0c8048b4f697c4c",
        "type": "github"
      },
      "original": {
        "owner": "agda",
        "ref": "v2.3",
        "repo": "agda-stdlib-meta",
        "type": "github"
      }
    },
    "systems": {
      "locked": {
        "lastModified": 1681028828,
        "narHash": "sha256-Vy1rq5AaRuLzOxct8nz4T6wlgyUR7zLU309k9mBC768=",
        "owner": "nix-systems",
        "repo": "default",
        "rev": "da67096a3b9bf56a91d16901293e51ba5b49a27e",
        "type": "github"
      },
      "original": {
        "owner": "nix-systems",
        "repo": "default",
        "type": "github"
      }
    },
    "utils": {
      "inputs": {
        "systems": "systems"
      },
      "locked": {
        "lastModified": 1731533236,
        "narHash": "sha256-l0KFg5HjrsfsO/JpG+r7fRrqm12kzFHyUHqHCVpMMbI=",
        "owner": "numtide",
        "repo": "flake-utils",
        "rev": "11707dc2f618dd54ca8739b309ec4fc024de578b",
        "type": "github"
      },
      "original": {
        "owner": "numtide",
        "repo": "flake-utils",
        "type": "github"
      }
    }
  },
  "root": "root",
  "version": 7
}
