{
  "nodes": {
    "cheshire": {
      "inputs": {
        "nixpkgs": [
          "cheshire",
          "overture",
          "nixpkgs"
        ],
        "overture": [
          "overture"
        ],
        "utils": [
          "cheshire",
          "overture",
          "utils"
        ]
      },
      "locked": {
        "lastModified": 1787222692,
        "narHash": "sha256-AKL+rjzGx2wDBv60wNFA9Op4tst331gRuWopzBw+4Yk=",
        "owner": "jkopanski",
        "repo": "cheshire",
        "rev": "2ebccf3cdc4dcfafba988c8443de06f5340ba781",
        "type": "github"
      },
      "original": {
        "owner": "jkopanski",
        "repo": "cheshire",
        "type": "github"
      }
    },
    "nixpkgs": {
      "locked": {
        "lastModified": 1786245335,
        "narHash": "sha256-NVDxntpqjGupi9GU2vQPrWKzgOL2rjGxedlshk65kNk=",
        "owner": "NixOS",
        "repo": "nixpkgs",
        "rev": "33ddeb9e7c03403e17814e8aac1f7affe6d70b21",
        "type": "github"
      },
      "original": {
        "owner": "NixOS",
        "ref": "release-26.05",
        "repo": "nixpkgs",
        "type": "github"
      }
    },
    "overture": {
      "inputs": {
        "nixpkgs": "nixpkgs",
        "stdlib": "stdlib",
        "utils": "utils"
      },
      "locked": {
        "lastModified": 1786272252,
        "narHash": "sha256-kCXGScQ6eQANy+nNpIhVZRxFQo3NaB4SVrQMS5I/+GI=",
        "owner": "~madnat",
        "repo": "overture",
        "rev": "d93e5cff68c827e23818036510cf89ec9720c23c",
        "type": "sourcehut"
      },
      "original": {
        "owner": "~madnat",
        "repo": "overture",
        "type": "sourcehut"
      }
    },
    "prettyprint": {
      "flake": false,
      "locked": {
        "lastModified": 1786286033,
        "narHash": "sha256-XtgqkxuvXP2aymYTqCISBf0H2M0l1ZVaS+y5YNPn8sI=",
        "owner": "jkopanski",
        "repo": "agda-pretty",
        "rev": "90f5004fc2f7dbb02e92df999c259a8063e64f06",
        "type": "github"
      },
      "original": {
        "owner": "jkopanski",
        "repo": "agda-pretty",
        "type": "github"
      }
    },
    "root": {
      "inputs": {
        "cheshire": "cheshire",
        "nixpkgs": [
          "overture",
          "nixpkgs"
        ],
        "overture": "overture",
        "prettyprint": "prettyprint",
        "utils": [
          "overture",
          "utils"
        ]
      }
    },
    "stdlib": {
      "flake": false,
      "locked": {
        "lastModified": 1780406156,
        "narHash": "sha256-cnYKW/KRKVsTBupQo1DNnH5Cx7sh6W+NEsZPHRWIBjE=",
        "owner": "agda",
        "repo": "agda-stdlib",
        "rev": "2a5a0dec0a3cb5c87468ce101388a513d39dbf10",
        "type": "github"
      },
      "original": {
        "owner": "agda",
        "ref": "v2.4",
        "repo": "agda-stdlib",
        "type": "github"
      }
    },
    "systems": {
      "locked": {
        "lastModified": 1681028828,
        "narHash": "sha256-Vy1rq5AaRuLzOxct8nz4T6wlgyUR7zLU309k9mBC768=",
        "owner": "nix-systems",
        "repo": "default",
        "rev": "da67096a3b9bf56a91d16901293e51ba5b49a27e",
        "type": "github"
      },
      "original": {
        "owner": "nix-systems",
        "repo": "default",
        "type": "github"
      }
    },
    "utils": {
      "inputs": {
        "systems": "systems"
      },
      "locked": {
        "lastModified": 1731533236,
        "narHash": "sha256-l0KFg5HjrsfsO/JpG+r7fRrqm12kzFHyUHqHCVpMMbI=",
        "owner": "numtide",
        "repo": "flake-utils",
        "rev": "11707dc2f618dd54ca8739b309ec4fc024de578b",
        "type": "github"
      },
      "original": {
        "owner": "numtide",
        "repo": "flake-utils",
        "type": "github"
      }
    }
  },
  "root": "root",
  "version": 7
}
